// !$*UTF8*$!
{
	archiveVersion = 1;
	classes = {
	};
	objectVersion = 56;
	objects = {

/* Begin PBXBuildFile section */
		2C125B682C6BE3D3000FF3A0 /* SwiftNetworkLayerApp.swift in Sources */ = {isa = PBXBuildFile; fileRef = 2C125B672C6BE3D3000FF3A0 /* SwiftNetworkLayerApp.swift */; };
		2C125B6A2C6BE3D3000FF3A0 /* ContentView.swift in Sources */ = {isa = PBXBuildFile; fileRef = 2C125B692C6BE3D3000FF3A0 /* ContentView.swift */; };
		2C125B6C2C6BE3D4000FF3A0 /* Assets.xcassets in Resources */ = {isa = PBXBuildFile; fileRef = 2C125B6B2C6BE3D4000FF3A0 /* Assets.xcassets */; };
		2C125B6F2C6BE3D4000FF3A0 /* Preview Assets.xcassets in Resources */ = {isa = PBXBuildFile; fileRef = 2C125B6E2C6BE3D4000FF3A0 /* Preview Assets.xcassets */; };
		2C125B792C6BE3D4000FF3A0 /* SwiftNetworkLayerTests.swift in Sources */ = {isa = PBXBuildFile; fileRef = 2C125B782C6BE3D4000FF3A0 /* SwiftNetworkLayerTests.swift */; };
		2C125B832C6BE3D4000FF3A0 /* SwiftNetworkLayerUITests.swift in Sources */ = {isa = PBXBuildFile; fileRef = 2C125B822C6BE3D4000FF3A0 /* SwiftNetworkLayerUITests.swift */; };
		2C125B852C6BE3D4000FF3A0 /* SwiftNetworkLayerUITestsLaunchTests.swift in Sources */ = {isa = PBXBuildFile; fileRef = 2C125B842C6BE3D4000FF3A0 /* SwiftNetworkLayerUITestsLaunchTests.swift */; };
		2C125B9B2C6BE4BC000FF3A0 /* Endpoint.swift in Sources */ = {isa = PBXBuildFile; fileRef = 2C125B9A2C6BE4BC000FF3A0 /* Endpoint.swift */; };
		2C125B9D2C6BE503000FF3A0 /* HTTPMethod.swift in Sources */ = {isa = PBXBuildFile; fileRef = 2C125B9C2C6BE503000FF3A0 /* HTTPMethod.swift */; };
		2C125B9F2C6BEAF0000FF3A0 /* HTTPRequest.swift in Sources */ = {isa = PBXBuildFile; fileRef = 2C125B9E2C6BEAF0000FF3A0 /* HTTPRequest.swift */; };
		2C125BA12C6BEC1E000FF3A0 /* NetworkError.swift in Sources */ = {isa = PBXBuildFile; fileRef = 2C125BA02C6BEC1E000FF3A0 /* NetworkError.swift */; };
		2C125BA52C6BF5CB000FF3A0 /* QuoteResponse.swift in Sources */ = {isa = PBXBuildFile; fileRef = 2C125BA42C6BF5CB000FF3A0 /* QuoteResponse.swift */; };
		2C125BA72C6BF618000FF3A0 /* QuoteEndpoint.swift in Sources */ = {isa = PBXBuildFile; fileRef = 2C125BA62C6BF618000FF3A0 /* QuoteEndpoint.swift */; };
		2C125BAA2C6C81ED000FF3A0 /* QuoteServiceable.swift in Sources */ = {isa = PBXBuildFile; fileRef = 2C125BA92C6C81ED000FF3A0 /* QuoteServiceable.swift */; };
		2C125BAD2C6C8246000FF3A0 /* QuoteService.swift in Sources */ = {isa = PBXBuildFile; fileRef = 2C125BAC2C6C8246000FF3A0 /* QuoteService.swift */; };
		2C125BAF2C6C8380000FF3A0 /* QuoteViewModel.swift in Sources */ = {isa = PBXBuildFile; fileRef = 2C125BAE2C6C8380000FF3A0 /* QuoteViewModel.swift */; };
		2C125BB22C6C939F000FF3A0 /* Category.swift in Sources */ = {isa = PBXBuildFile; fileRef = 2C125BB12C6C939F000FF3A0 /* Category.swift */; };
		2C125BB52C6CBF91000FF3A0 /* QuoteView.swift in Sources */ = {isa = PBXBuildFile; fileRef = 2C125BB42C6CBF91000FF3A0 /* QuoteView.swift */; };
/* End PBXBuildFile section */

/* Begin PBXContainerItemProxy section */
		2C125B752C6BE3D4000FF3A0 /* PBXContainerItemProxy */ = {
			isa = PBXContainerItemProxy;
			containerPortal = 2C125B5C2C6BE3D3000FF3A0 /* Project object */;
			proxyType = 1;
			remoteGlobalIDString = 2C125B632C6BE3D3000FF3A0;
			remoteInfo = SwiftNetworkLayer;
		};
		2C125B7F2C6BE3D4000FF3A0 /* PBXContainerItemProxy */ = {
			isa = PBXContainerItemProxy;
			containerPortal = 2C125B5C2C6BE3D3000FF3A0 /* Project object */;
			proxyType = 1;
			remoteGlobalIDString = 2C125B632C6BE3D3000FF3A0;
			remoteInfo = SwiftNetworkLayer;
		};
/* End PBXContainerItemProxy section */

/* Begin PBXFileReference section */
		2C125B642C6BE3D3000FF3A0 /* SwiftNetworkLayer.app */ = {isa = PBXFileReference; explicitFileType = wrapper.application; includeInIndex = 0; path = SwiftNetworkLayer.app; sourceTree = BUILT_PRODUCTS_DIR; };
		2C125B672C6BE3D3000FF3A0 /* SwiftNetworkLayerApp.swift */ = {isa = PBXFileReference; lastKnownFileType = sourcecode.swift; path = SwiftNetworkLayerApp.swift; sourceTree = "<group>"; };
		2C125B692C6BE3D3000FF3A0 /* ContentView.swift */ = {isa = PBXFileReference; lastKnownFileType = sourcecode.swift; path = ContentView.swift; sourceTree = "<group>"; };
		2C125B6B2C6BE3D4000FF3A0 /* Assets.xcassets */ = {isa = PBXFileReference; lastKnownFileType = folder.assetcatalog; path = Assets.xcassets; sourceTree = "<group>"; };
		2C125B6E2C6BE3D4000FF3A0 /* Preview Assets.xcassets */ = {isa = PBXFileReference; lastKnownFileType = folder.assetcatalog; path = "Preview Assets.xcassets"; sourceTree = "<group>"; };
		2C125B742C6BE3D4000FF3A0 /* SwiftNetworkLayerTests.xctest */ = {isa = PBXFileReference; explicitFileType = wrapper.cfbundle; includeInIndex = 0; path = SwiftNetworkLayerTests.xctest; sourceTree = BUILT_PRODUCTS_DIR; };
		2C125B782C6BE3D4000FF3A0 /* SwiftNetworkLayerTests.swift */ = {isa = PBXFileReference; lastKnownFileType = sourcecode.swift; path = SwiftNetworkLayerTests.swift; sourceTree = "<group>"; };
		2C125B7E2C6BE3D4000FF3A0 /* SwiftNetworkLayerUITests.xctest */ = {isa = PBXFileReference; explicitFileType = wrapper.cfbundle; includeInIndex = 0; path = SwiftNetworkLayerUITests.xctest; sourceTree = BUILT_PRODUCTS_DIR; };
		2C125B822C6BE3D4000FF3A0 /* SwiftNetworkLayerUITests.swift */ = {isa = PBXFileReference; lastKnownFileType = sourcecode.swift; path = SwiftNetworkLayerUITests.swift; sourceTree = "<group>"; };
		2C125B842C6BE3D4000FF3A0 /* SwiftNetworkLayerUITestsLaunchTests.swift */ = {isa = PBXFileReference; lastKnownFileType = sourcecode.swift; path = SwiftNetworkLayerUITestsLaunchTests.swift; sourceTree = "<group>"; };
		2C125B9A2C6BE4BC000FF3A0 /* Endpoint.swift */ = {isa = PBXFileReference; lastKnownFileType = sourcecode.swift; path = Endpoint.swift; sourceTree = "<group>"; };
		2C125B9C2C6BE503000FF3A0 /* HTTPMethod.swift */ = {isa = PBXFileReference; lastKnownFileType = sourcecode.swift; path = HTTPMethod.swift; sourceTree = "<group>"; };
		2C125B9E2C6BEAF0000FF3A0 /* HTTPRequest.swift */ = {isa = PBXFileReference; lastKnownFileType = sourcecode.swift; path = HTTPRequest.swift; sourceTree = "<group>"; };
		2C125BA02C6BEC1E000FF3A0 /* NetworkError.swift */ = {isa = PBXFileReference; lastKnownFileType = sourcecode.swift; path = NetworkError.swift; sourceTree = "<group>"; };
		2C125BA42C6BF5CB000FF3A0 /* QuoteResponse.swift */ = {isa = PBXFileReference; lastKnownFileType = sourcecode.swift; path = QuoteResponse.swift; sourceTree = "<group>"; };
		2C125BA62C6BF618000FF3A0 /* QuoteEndpoint.swift */ = {isa = PBXFileReference; lastKnownFileType = sourcecode.swift; path = QuoteEndpoint.swift; sourceTree = "<group>"; };
		2C125BA92C6C81ED000FF3A0 /* QuoteServiceable.swift */ = {isa = PBXFileReference; lastKnownFileType = sourcecode.swift; path = QuoteServiceable.swift; sourceTree = "<group>"; };
		2C125BAC2C6C8246000FF3A0 /* QuoteService.swift */ = {isa = PBXFileReference; lastKnownFileType = sourcecode.swift; path = QuoteService.swift; sourceTree = "<group>"; };
		2C125BAE2C6C8380000FF3A0 /* QuoteViewModel.swift */ = {isa = PBXFileReference; lastKnownFileType = sourcecode.swift; path = QuoteViewModel.swift; sourceTree = "<group>"; };
		2C125BB12C6C939F000FF3A0 /* Category.swift */ = {isa = PBXFileReference; lastKnownFileType = sourcecode.swift; path = Category.swift; sourceTree = "<group>"; };
		2C125BB42C6CBF91000FF3A0 /* QuoteView.swift */ = {isa = PBXFileReference; lastKnownFileType = sourcecode.swift; path = QuoteView.swift; sourceTree = "<group>"; };
/* End PBXFileReference section */

/* Begin PBXFrameworksBuildPhase section */
		2C125B612C6BE3D3000FF3A0 /* Frameworks */ = {
			isa = PBXFrameworksBuildPhase;
			buildActionMask = 2147483647;
			files = (
			);
			runOnlyForDeploymentPostprocessing = 0;
		};
		2C125B712C6BE3D4000FF3A0 /* Frameworks */ = {
			isa = PBXFrameworksBuildPhase;
			buildActionMask = 2147483647;
			files = (
			);
			runOnlyForDeploymentPostprocessing = 0;
		};
		2C125B7B2C6BE3D4000FF3A0 /* Frameworks */ = {
			isa = PBXFrameworksBuildPhase;
			buildActionMask = 2147483647;
			files = (
			);
			runOnlyForDeploymentPostprocessing = 0;
		};
/* End PBXFrameworksBuildPhase section */

/* Begin PBXGroup section */
		2C125B5B2C6BE3D3000FF3A0 = {
			isa = PBXGroup;
			children = (
				2C125B662C6BE3D3000FF3A0 /* SwiftNetworkLayer */,
				2C125B772C6BE3D4000FF3A0 /* SwiftNetworkLayerTests */,
				2C125B812C6BE3D4000FF3A0 /* SwiftNetworkLayerUITests */,
				2C125B652C6BE3D3000FF3A0 /* Products */,
			);
			sourceTree = "<group>";
		};
		2C125B652C6BE3D3000FF3A0 /* Products */ = {
			isa = PBXGroup;
			children = (
				2C125B642C6BE3D3000FF3A0 /* SwiftNetworkLayer.app */,
				2C125B742C6BE3D4000FF3A0 /* SwiftNetworkLayerTests.xctest */,
				2C125B7E2C6BE3D4000FF3A0 /* SwiftNetworkLayerUITests.xctest */,
			);
			name = Products;
			sourceTree = "<group>";
		};
		2C125B662C6BE3D3000FF3A0 /* SwiftNetworkLayer */ = {
			isa = PBXGroup;
			children = (
				2C125BB32C6CBF7F000FF3A0 /* Views */,
				2C125BB02C6C938A000FF3A0 /* Data */,
				2C125B922C6BE418000FF3A0 /* ViewModels */,
				2C125B912C6BE410000FF3A0 /* Network */,
				2C125B672C6BE3D3000FF3A0 /* SwiftNetworkLayerApp.swift */,
				2C125B692C6BE3D3000FF3A0 /* ContentView.swift */,
				2C125B6B2C6BE3D4000FF3A0 /* Assets.xcassets */,
				2C125B6D2C6BE3D4000FF3A0 /* Preview Content */,
			);
			path = SwiftNetworkLayer;
			sourceTree = "<group>";
		};
		2C125B6D2C6BE3D4000FF3A0 /* Preview Content */ = {
			isa = PBXGroup;
			children = (
				2C125B6E2C6BE3D4000FF3A0 /* Preview Assets.xcassets */,
			);
			path = "Preview Content";
			sourceTree = "<group>";
		};
		2C125B772C6BE3D4000FF3A0 /* SwiftNetworkLayerTests */ = {
			isa = PBXGroup;
			children = (
				2C125B782C6BE3D4000FF3A0 /* SwiftNetworkLayerTests.swift */,
			);
			path = SwiftNetworkLayerTests;
			sourceTree = "<group>";
		};
		2C125B812C6BE3D4000FF3A0 /* SwiftNetworkLayerUITests */ = {
			isa = PBXGroup;
			children = (
				2C125B822C6BE3D4000FF3A0 /* SwiftNetworkLayerUITests.swift */,
				2C125B842C6BE3D4000FF3A0 /* SwiftNetworkLayerUITestsLaunchTests.swift */,
			);
			path = SwiftNetworkLayerUITests;
			sourceTree = "<group>";
		};
		2C125B912C6BE410000FF3A0 /* Network */ = {
			isa = PBXGroup;
			children = (
				2C125B992C6BE4AE000FF3A0 /* Errors */,
				2C125B982C6BE4A2000FF3A0 /* Services */,
				2C125B972C6BE49B000FF3A0 /* Responses */,
				2C125B962C6BE495000FF3A0 /* Requests */,
				2C125B952C6BE48D000FF3A0 /* Endpoints */,
				2C125B942C6BE488000FF3A0 /* Base */,
			);
			path = Network;
			sourceTree = "<group>";
		};
		2C125B922C6BE418000FF3A0 /* ViewModels */ = {
			isa = PBXGroup;
			children = (
				2C125BAE2C6C8380000FF3A0 /* QuoteViewModel.swift */,
			);
			path = ViewModels;
			sourceTree = "<group>";
		};
		2C125B942C6BE488000FF3A0 /* Base */ = {
			isa = PBXGroup;
			children = (
				2C125B9A2C6BE4BC000FF3A0 /* Endpoint.swift */,
				2C125B9C2C6BE503000FF3A0 /* HTTPMethod.swift */,
				2C125B9E2C6BEAF0000FF3A0 /* HTTPRequest.swift */,
			);
			path = Base;
			sourceTree = "<group>";
		};
		2C125B952C6BE48D000FF3A0 /* Endpoints */ = {
			isa = PBXGroup;
			children = (
				2C125BA62C6BF618000FF3A0 /* QuoteEndpoint.swift */,
			);
			path = Endpoints;
			sourceTree = "<group>";
		};
		2C125B962C6BE495000FF3A0 /* Requests */ = {
			isa = PBXGroup;
			children = (
			);
			path = Requests;
			sourceTree = "<group>";
		};
		2C125B972C6BE49B000FF3A0 /* Responses */ = {
			isa = PBXGroup;
			children = (
				2C125BA42C6BF5CB000FF3A0 /* QuoteResponse.swift */,
			);
			path = Responses;
			sourceTree = "<group>";
		};
		2C125B982C6BE4A2000FF3A0 /* Services */ = {
			isa = PBXGroup;
			children = (
				2C125BA82C6C81E0000FF3A0 /* Protocols */,
				2C125BAC2C6C8246000FF3A0 /* QuoteService.swift */,
			);
			path = Services;
			sourceTree = "<group>";
		};
		2C125B992C6BE4AE000FF3A0 /* Errors */ = {
			isa = PBXGroup;
			children = (
				2C125BA02C6BEC1E000FF3A0 /* NetworkError.swift */,
			);
			path = Errors;
			sourceTree = "<group>";
		};
		2C125BA82C6C81E0000FF3A0 /* Protocols */ = {
			isa = PBXGroup;
			children = (
				2C125BA92C6C81ED000FF3A0 /* QuoteServiceable.swift */,
			);
			path = Protocols;
			sourceTree = "<group>";
		};
		2C125BB02C6C938A000FF3A0 /* Data */ = {
			isa = PBXGroup;
			children = (
				2C125BB12C6C939F000FF3A0 /* Category.swift */,
			);
			path = Data;
			sourceTree = "<group>";
		};
		2C125BB32C6CBF7F000FF3A0 /* Views */ = {
			isa = PBXGroup;
			children = (
				2C125BB42C6CBF91000FF3A0 /* QuoteView.swift */,
			);
			path = Views;
			sourceTree = "<group>";
		};
/* End PBXGroup section */

/* Begin PBXNativeTarget section */
		2C125B632C6BE3D3000FF3A0 /* SwiftNetworkLayer */ = {
			isa = PBXNativeTarget;
			buildConfigurationList = 2C125B882C6BE3D4000FF3A0 /* Build configuration list for PBXNativeTarget "SwiftNetworkLayer" */;
			buildPhases = (
				2C125B602C6BE3D3000FF3A0 /* Sources */,
				2C125B612C6BE3D3000FF3A0 /* Frameworks */,
				2C125B622C6BE3D3000FF3A0 /* Resources */,
			);
			buildRules = (
			);
			dependencies = (
			);
			name = SwiftNetworkLayer;
			productName = SwiftNetworkLayer;
			productReference = 2C125B642C6BE3D3000FF3A0 /* SwiftNetworkLayer.app */;
			productType = "com.apple.product-type.application";
		};
		2C125B732C6BE3D4000FF3A0 /* SwiftNetworkLayerTests */ = {
			isa = PBXNativeTarget;
			buildConfigurationList = 2C125B8B2C6BE3D4000FF3A0 /* Build configuration list for PBXNativeTarget "SwiftNetworkLayerTests" */;
			buildPhases = (
				2C125B702C6BE3D4000FF3A0 /* Sources */,
				2C125B712C6BE3D4000FF3A0 /* Frameworks */,
				2C125B722C6BE3D4000FF3A0 /* Resources */,
			);
			buildRules = (
			);
			dependencies = (
				2C125B762C6BE3D4000FF3A0 /* PBXTargetDependency */,
			);
			name = SwiftNetworkLayerTests;
			productName = SwiftNetworkLayerTests;
			productReference = 2C125B742C6BE3D4000FF3A0 /* SwiftNetworkLayerTests.xctest */;
			productType = "com.apple.product-type.bundle.unit-test";
		};
		2C125B7D2C6BE3D4000FF3A0 /* SwiftNetworkLayerUITests */ = {
			isa = PBXNativeTarget;
			buildConfigurationList = 2C125B8E2C6BE3D4000FF3A0 /* Build configuration list for PBXNativeTarget "SwiftNetworkLayerUITests" */;
			buildPhases = (
				2C125B7A2C6BE3D4000FF3A0 /* Sources */,
				2C125B7B2C6BE3D4000FF3A0 /* Frameworks */,
				2C125B7C2C6BE3D4000FF3A0 /* Resources */,
			);
			buildRules = (
			);
			dependencies = (
				2C125B802C6BE3D4000FF3A0 /* PBXTargetDependency */,
			);
			name = SwiftNetworkLayerUITests;
			productName = SwiftNetworkLayerUITests;
			productReference = 2C125B7E2C6BE3D4000FF3A0 /* SwiftNetworkLayerUITests.xctest */;
			productType = "com.apple.product-type.bundle.ui-testing";
		};
/* End PBXNativeTarget section */

/* Begin PBXProject section */
		2C125B5C2C6BE3D3000FF3A0 /* Project object */ = {
			isa = PBXProject;
			attributes = {
				BuildIndependentTargetsInParallel = 1;
				LastSwiftUpdateCheck = 1540;
				LastUpgradeCheck = 1540;
				TargetAttributes = {
					2C125B632C6BE3D3000FF3A0 = {
						CreatedOnToolsVersion = 15.4;
					};
					2C125B732C6BE3D4000FF3A0 = {
						CreatedOnToolsVersion = 15.4;
						TestTargetID = 2C125B632C6BE3D3000FF3A0;
					};
					2C125B7D2C6BE3D4000FF3A0 = {
						CreatedOnToolsVersion = 15.4;
						TestTargetID = 2C125B632C6BE3D3000FF3A0;
					};
				};
			};
			buildConfigurationList = 2C125B5F2C6BE3D3000FF3A0 /* Build configuration list for PBXProject "SwiftNetworkLayer" */;
			compatibilityVersion = "Xcode 14.0";
			developmentRegion = en;
			hasScannedForEncodings = 0;
			knownRegions = (
				en,
				Base,
			);
			mainGroup = 2C125B5B2C6BE3D3000FF3A0;
			productRefGroup = 2C125B652C6BE3D3000FF3A0 /* Products */;
			projectDirPath = "";
			projectRoot = "";
			targets = (
				2C125B632C6BE3D3000FF3A0 /* SwiftNetworkLayer */,
				2C125B732C6BE3D4000FF3A0 /* SwiftNetworkLayerTests */,
				2C125B7D2C6BE3D4000FF3A0 /* SwiftNetworkLayerUITests */,
			);
		};
/* End PBXProject section */

/* Begin PBXResourcesBuildPhase section */
		2C125B622C6BE3D3000FF3A0 /* Resources */ = {
			isa = PBXResourcesBuildPhase;
			buildActionMask = 2147483647;
			files = (
				2C125B6F2C6BE3D4000FF3A0 /* Preview Assets.xcassets in Resources */,
				2C125B6C2C6BE3D4000FF3A0 /* Assets.xcassets in Resources */,
			);
			runOnlyForDeploymentPostprocessing = 0;
		};
		2C125B722C6BE3D4000FF3A0 /* Resources */ = {
			isa = PBXResourcesBuildPhase;
			buildActionMask = 2147483647;
			files = (
			);
			runOnlyForDeploymentPostprocessing = 0;
		};
		2C125B7C2C6BE3D4000FF3A0 /* Resources */ = {
			isa = PBXResourcesBuildPhase;
			buildActionMask = 2147483647;
			files = (
			);
			runOnlyForDeploymentPostprocessing = 0;
		};
/* End PBXResourcesBuildPhase section */

/* Begin PBXSourcesBuildPhase section */
		2C125B602C6BE3D3000FF3A0 /* Sources */ = {
			isa = PBXSourcesBuildPhase;
			buildActionMask = 2147483647;
			files = (
				2C125BAA2C6C81ED000FF3A0 /* QuoteServiceable.swift in Sources */,
				2C125B9D2C6BE503000FF3A0 /* HTTPMethod.swift in Sources */,
				2C125BAD2C6C8246000FF3A0 /* QuoteService.swift in Sources */,
				2C125B6A2C6BE3D3000FF3A0 /* ContentView.swift in Sources */,
				2C125B9F2C6BEAF0000FF3A0 /* HTTPRequest.swift in Sources */,
				2C125BA12C6BEC1E000FF3A0 /* NetworkError.swift in Sources */,
				2C125B9B2C6BE4BC000FF3A0 /* Endpoint.swift in Sources */,
				2C125BAF2C6C8380000FF3A0 /* QuoteViewModel.swift in Sources */,
				2C125BB52C6CBF91000FF3A0 /* QuoteView.swift in Sources */,
				2C125BA72C6BF618000FF3A0 /* QuoteEndpoint.swift in Sources */,
				2C125B682C6BE3D3000FF3A0 /* SwiftNetworkLayerApp.swift in Sources */,
				2C125BA52C6BF5CB000FF3A0 /* QuoteResponse.swift in Sources */,
				2C125BB22C6C939F000FF3A0 /* Category.swift in Sources */,
			);
			runOnlyForDeploymentPostprocessing = 0;
		};
		2C125B702C6BE3D4000FF3A0 /* Sources */ = {
			isa = PBXSourcesBuildPhase;
			buildActionMask = 2147483647;
			files = (
				2C125B792C6BE3D4000FF3A0 /* SwiftNetworkLayerTests.swift in Sources */,
			);
			runOnlyForDeploymentPostprocessing = 0;
		};
		2C125B7A2C6BE3D4000FF3A0 /* Sources */ = {
			isa = PBXSourcesBuildPhase;
			buildActionMask = 2147483647;
			files = (
				2C125B832C6BE3D4000FF3A0 /* SwiftNetworkLayerUITests.swift in Sources */,
				2C125B852C6BE3D4000FF3A0 /* SwiftNetworkLayerUITestsLaunchTests.swift in Sources */,
			);
			runOnlyForDeploymentPostprocessing = 0;
		};
/* End PBXSourcesBuildPhase section */

/* Begin PBXTargetDependency section */
		2C125B762C6BE3D4000FF3A0 /* PBXTargetDependency */ = {
			isa = PBXTargetDependency;
			target = 2C125B632C6BE3D3000FF3A0 /* SwiftNetworkLayer */;
			targetProxy = 2C125B752C6BE3D4000FF3A0 /* PBXContainerItemProxy */;
		};
		2C125B802C6BE3D4000FF3A0 /* PBXTargetDependency */ = {
			isa = PBXTargetDependency;
			target = 2C125B632C6BE3D3000FF3A0 /* SwiftNetworkLayer */;
			targetProxy = 2C125B7F2C6BE3D4000FF3A0 /* PBXContainerItemProxy */;
		};
/* End PBXTargetDependency section */

/* Begin XCBuildConfiguration section */
		2C125B862C6BE3D4000FF3A0 /* Debug */ = {
			isa = XCBuildConfiguration;
			buildSettings = {
				ALWAYS_SEARCH_USER_PATHS = NO;
				ASSETCATALOG_COMPILER_GENERATE_SWIFT_ASSET_SYMBOL_EXTENSIONS = YES;
				CLANG_ANALYZER_NONNULL = YES;
				CLANG_ANALYZER_NUMBER_OBJECT_CONVERSION = YES_AGGRESSIVE;
				CLANG_CXX_LANGUAGE_STANDARD = "gnu++20";
				CLANG_ENABLE_MODULES = YES;
				CLANG_ENABLE_OBJC_ARC = YES;
				CLANG_ENABLE_OBJC_WEAK = YES;
				CLANG_WARN_BLOCK_CAPTURE_AUTORELEASING = YES;
				CLANG_WARN_BOOL_CONVERSION = YES;
				CLANG_WARN_COMMA = YES;
				CLANG_WARN_CONSTANT_CONVERSION = YES;
				CLANG_WARN_DEPRECATED_OBJC_IMPLEMENTATIONS = YES;
				CLANG_WARN_DIRECT_OBJC_ISA_USAGE = YES_ERROR;
				CLANG_WARN_DOCUMENTATION_COMMENTS = YES;
				CLANG_WARN_EMPTY_BODY = YES;
				CLANG_WARN_ENUM_CONVERSION = YES;
				CLANG_WARN_INFINITE_RECURSION = YES;
				CLANG_WARN_INT_CONVERSION = YES;
				CLANG_WARN_NON_LITERAL_NULL_CONVERSION = YES;
				CLANG_WARN_OBJC_IMPLICIT_RETAIN_SELF = YES;
				CLANG_WARN_OBJC_LITERAL_CONVERSION = YES;
				CLANG_WARN_OBJC_ROOT_CLASS = YES_ERROR;
				CLANG_WARN_QUOTED_INCLUDE_IN_FRAMEWORK_HEADER = YES;
				CLANG_WARN_RANGE_LOOP_ANALYSIS = YES;
				CLANG_WARN_STRICT_PROTOTYPES = YES;
				CLANG_WARN_SUSPICIOUS_MOVE = YES;
				CLANG_WARN_UNGUARDED_AVAILABILITY = YES_AGGRESSIVE;
				CLANG_WARN_UNREACHABLE_CODE = YES;
				CLANG_WARN__DUPLICATE_METHOD_MATCH = YES;
				COPY_PHASE_STRIP = NO;
				DEBUG_INFORMATION_FORMAT = dwarf;
				ENABLE_STRICT_OBJC_MSGSEND = YES;
				ENABLE_TESTABILITY = YES;
				ENABLE_USER_SCRIPT_SANDBOXING = YES;
				GCC_C_LANGUAGE_STANDARD = gnu17;
				GCC_DYNAMIC_NO_PIC = NO;
				GCC_NO_COMMON_BLOCKS = YES;
				GCC_OPTIMIZATION_LEVEL = 0;
				GCC_PREPROCESSOR_DEFINITIONS = (
					"DEBUG=1",
					"$(inherited)",
				);
				GCC_WARN_64_TO_32_BIT_CONVERSION = YES;
				GCC_WARN_ABOUT_RETURN_TYPE = YES_ERROR;
				GCC_WARN_UNDECLARED_SELECTOR = YES;
				GCC_WARN_UNINITIALIZED_AUTOS = YES_AGGRESSIVE;
				GCC_WARN_UNUSED_FUNCTION = YES;
				GCC_WARN_UNUSED_VARIABLE = YES;
				IPHONEOS_DEPLOYMENT_TARGET = 17.5;
				LOCALIZATION_PREFERS_STRING_CATALOGS = YES;
				MTL_ENABLE_DEBUG_INFO = INCLUDE_SOURCE;
				MTL_FAST_MATH = YES;
				ONLY_ACTIVE_ARCH = YES;
				SDKROOT = iphoneos;
				SWIFT_ACTIVE_COMPILATION_CONDITIONS = "DEBUG $(inherited)";
				SWIFT_OPTIMIZATION_LEVEL = "-Onone";
			};
			name = Debug;
		};
		2C125B872C6BE3D4000FF3A0 /* Release */ = {
			isa = XCBuildConfiguration;
			buildSettings = {
				ALWAYS_SEARCH_USER_PATHS = NO;
				ASSETCATALOG_COMPILER_GENERATE_SWIFT_ASSET_SYMBOL_EXTENSIONS = YES;
				CLANG_ANALYZER_NONNULL = YES;
				CLANG_ANALYZER_NUMBER_OBJECT_CONVERSION = YES_AGGRESSIVE;
				CLANG_CXX_LANGUAGE_STANDARD = "gnu++20";
				CLANG_ENABLE_MODULES = YES;
				CLANG_ENABLE_OBJC_ARC = YES;
				CLANG_ENABLE_OBJC_WEAK = YES;
				CLANG_WARN_BLOCK_CAPTURE_AUTORELEASING = YES;
				CLANG_WARN_BOOL_CONVERSION = YES;
				CLANG_WARN_COMMA = YES;
				CLANG_WARN_CONSTANT_CONVERSION = YES;
				CLANG_WARN_DEPRECATED_OBJC_IMPLEMENTATIONS = YES;
				CLANG_WARN_DIRECT_OBJC_ISA_USAGE = YES_ERROR;
				CLANG_WARN_DOCUMENTATION_COMMENTS = YES;
				CLANG_WARN_EMPTY_BODY = YES;
				CLANG_WARN_ENUM_CONVERSION = YES;
				CLANG_WARN_INFINITE_RECURSION = YES;
				CLANG_WARN_INT_CONVERSION = YES;
				CLANG_WARN_NON_LITERAL_NULL_CONVERSION = YES;
				CLANG_WARN_OBJC_IMPLICIT_RETAIN_SELF = YES;
				CLANG_WARN_OBJC_LITERAL_CONVERSION = YES;
				CLANG_WARN_OBJC_ROOT_CLASS = YES_ERROR;
				CLANG_WARN_QUOTED_INCLUDE_IN_FRAMEWORK_HEADER = YES;
				CLANG_WARN_RANGE_LOOP_ANALYSIS = YES;
				CLANG_WARN_STRICT_PROTOTYPES = YES;
				CLANG_WARN_SUSPICIOUS_MOVE = YES;
				CLANG_WARN_UNGUARDED_AVAILABILITY = YES_AGGRESSIVE;
				CLANG_WARN_UNREACHABLE_CODE = YES;
				CLANG_WARN__DUPLICATE_METHOD_MATCH = YES;
				COPY_PHASE_STRIP = NO;
				DEBUG_INFORMATION_FORMAT = "dwarf-with-dsym";
				ENABLE_NS_ASSERTIONS = NO;
				ENABLE_STRICT_OBJC_MSGSEND = YES;
				ENABLE_USER_SCRIPT_SANDBOXING = YES;
				GCC_C_LANGUAGE_STANDARD = gnu17;
				GCC_NO_COMMON_BLOCKS = YES;
				GCC_WARN_64_TO_32_BIT_CONVERSION = YES;
				GCC_WARN_ABOUT_RETURN_TYPE = YES_ERROR;
				GCC_WARN_UNDECLARED_SELECTOR = YES;
				GCC_WARN_UNINITIALIZED_AUTOS = YES_AGGRESSIVE;
				GCC_WARN_UNUSED_FUNCTION = YES;
				GCC_WARN_UNUSED_VARIABLE = YES;
				IPHONEOS_DEPLOYMENT_TARGET = 17.5;
				LOCALIZATION_PREFERS_STRING_CATALOGS = YES;
				MTL_ENABLE_DEBUG_INFO = NO;
				MTL_FAST_MATH = YES;
				SDKROOT = iphoneos;
				SWIFT_COMPILATION_MODE = wholemodule;
				VALIDATE_PRODUCT = YES;
			};
			name = Release;
		};
		2C125B892C6BE3D4000FF3A0 /* Debug */ = {
			isa = XCBuildConfiguration;
			buildSettings = {
				ASSETCATALOG_COMPILER_APPICON_NAME = AppIcon;
				ASSETCATALOG_COMPILER_GLOBAL_ACCENT_COLOR_NAME = AccentColor;
				CODE_SIGN_STYLE = Automatic;
				CURRENT_PROJECT_VERSION = 1;
				DEVELOPMENT_ASSET_PATHS = "\"SwiftNetworkLayer/Preview Content\"";
				DEVELOPMENT_TEAM = K2GZT8VA4V;
				ENABLE_PREVIEWS = YES;
				GENERATE_INFOPLIST_FILE = YES;
				INFOPLIST_KEY_UIApplicationSceneManifest_Generation = YES;
				INFOPLIST_KEY_UIApplicationSupportsIndirectInputEvents = YES;
				INFOPLIST_KEY_UILaunchScreen_Generation = YES;
				INFOPLIST_KEY_UISupportedInterfaceOrientations_iPad = "UIInterfaceOrientationPortrait UIInterfaceOrientationPortraitUpsideDown UIInterfaceOrientationLandscapeLeft UIInterfaceOrientationLandscapeRight";
				INFOPLIST_KEY_UISupportedInterfaceOrientations_iPhone = "UIInterfaceOrientationPortrait UIInterfaceOrientationLandscapeLeft UIInterfaceOrientationLandscapeRight";
				LD_RUNPATH_SEARCH_PATHS = (
					"$(inherited)",
					"@executable_path/Frameworks",
				);
				MARKETING_VERSION = 1.0;
				PRODUCT_BUNDLE_IDENTIFIER = dev.ardijorganxhi.SwiftNetworkLayer;
				PRODUCT_NAME = "$(TARGET_NAME)";
				SWIFT_EMIT_LOC_STRINGS = YES;
				SWIFT_VERSION = 5.0;
				TARGETED_DEVICE_FAMILY = "1,2";
			};
			name = Debug;
		};
		2C125B8A2C6BE3D4000FF3A0 /* Release */ = {
			isa = XCBuildConfiguration;
			buildSettings = {
				ASSETCATALOG_COMPILER_APPICON_NAME = AppIcon;
				ASSETCATALOG_COMPILER_GLOBAL_ACCENT_COLOR_NAME = AccentColor;
				CODE_SIGN_STYLE = Automatic;
				CURRENT_PROJECT_VERSION = 1;
				DEVELOPMENT_ASSET_PATHS = "\"SwiftNetworkLayer/Preview Content\"";
				DEVELOPMENT_TEAM = K2GZT8VA4V;
				ENABLE_PREVIEWS = YES;
				GENERATE_INFOPLIST_FILE = YES;
				INFOPLIST_KEY_UIApplicationSceneManifest_Generation = YES;
				INFOPLIST_KEY_UIApplicationSupportsIndirectInputEvents = YES;
				INFOPLIST_KEY_UILaunchScreen_Generation = YES;
				INFOPLIST_KEY_UISupportedInterfaceOrientations_iPad = "UIInterfaceOrientationPortrait UIInterfaceOrientationPortraitUpsideDown UIInterfaceOrientationLandscapeLeft UIInterfaceOrientationLandscapeRight";
				INFOPLIST_KEY_UISupportedInterfaceOrientations_iPhone = "UIInterfaceOrientationPortrait UIInterfaceOrientationLandscapeLeft UIInterfaceOrientationLandscapeRight";
				LD_RUNPATH_SEARCH_PATHS = (
					"$(inherited)",
					"@executable_path/Frameworks",
				);
				MARKETING_VERSION = 1.0;
				PRODUCT_BUNDLE_IDENTIFIER = dev.ardijorganxhi.SwiftNetworkLayer;
				PRODUCT_NAME = "$(TARGET_NAME)";
				SWIFT_EMIT_LOC_STRINGS = YES;
				SWIFT_VERSION = 5.0;
				TARGETED_DEVICE_FAMILY = "1,2";
			};
			name = Release;
		};
		2C125B8C2C6BE3D4000FF3A0 /* Debug */ = {
			isa = XCBuildConfiguration;
			buildSettings = {
				ALWAYS_EMBED_SWIFT_STANDARD_LIBRARIES = YES;
				BUNDLE_LOADER = "$(TEST_HOST)";
				CODE_SIGN_STYLE = Automatic;
				CURRENT_PROJECT_VERSION = 1;
				DEVELOPMENT_TEAM = K2GZT8VA4V;
				GENERATE_INFOPLIST_FILE = YES;
				IPHONEOS_DEPLOYMENT_TARGET = 17.5;
				MARKETING_VERSION = 1.0;
				PRODUCT_BUNDLE_IDENTIFIER = dev.ardijorganxhi.SwiftNetworkLayerTests;
				PRODUCT_NAME = "$(TARGET_NAME)";
				SWIFT_EMIT_LOC_STRINGS = NO;
				SWIFT_VERSION = 5.0;
				TARGETED_DEVICE_FAMILY = "1,2";
				TEST_HOST = "$(BUILT_PRODUCTS_DIR)/SwiftNetworkLayer.app/$(BUNDLE_EXECUTABLE_FOLDER_PATH)/SwiftNetworkLayer";
			};
			name = Debug;
		};
		2C125B8D2C6BE3D4000FF3A0 /* Release */ = {
			isa = XCBuildConfiguration;
			buildSettings = {
				ALWAYS_EMBED_SWIFT_STANDARD_LIBRARIES = YES;
				BUNDLE_LOADER = "$(TEST_HOST)";
				CODE_SIGN_STYLE = Automatic;
				CURRENT_PROJECT_VERSION = 1;
				DEVELOPMENT_TEAM = K2GZT8VA4V;
				GENERATE_INFOPLIST_FILE = YES;
				IPHONEOS_DEPLOYMENT_TARGET = 17.5;
				MARKETING_VERSION = 1.0;
				PRODUCT_BUNDLE_IDENTIFIER = dev.ardijorganxhi.SwiftNetworkLayerTests;
				PRODUCT_NAME = "$(TARGET_NAME)";
				SWIFT_EMIT_LOC_STRINGS = NO;
				SWIFT_VERSION = 5.0;
				TARGETED_DEVICE_FAMILY = "1,2";
				TEST_HOST = "$(BUILT_PRODUCTS_DIR)/SwiftNetworkLayer.app/$(BUNDLE_EXECUTABLE_FOLDER_PATH)/SwiftNetworkLayer";
			};
			name = Release;
		};
		2C125B8F2C6BE3D4000FF3A0 /* Debug */ = {
			isa = XCBuildConfiguration;
			buildSettings = {
				ALWAYS_EMBED_SWIFT_STANDARD_LIBRARIES = YES;
				CODE_SIGN_STYLE = Automatic;
				CURRENT_PROJECT_VERSION = 1;
				DEVELOPMENT_TEAM = K2GZT8VA4V;
				GENERATE_INFOPLIST_FILE = YES;
				MARKETING_VERSION = 1.0;
				PRODUCT_BUNDLE_IDENTIFIER = dev.ardijorganxhi.SwiftNetworkLayerUITests;
				PRODUCT_NAME = "$(TARGET_NAME)";
				SWIFT_EMIT_LOC_STRINGS = NO;
				SWIFT_VERSION = 5.0;
				TARGETED_DEVICE_FAMILY = "1,2";
				TEST_TARGET_NAME = SwiftNetworkLayer;
			};
			name = Debug;
		};
		2C125B902C6BE3D4000FF3A0 /* Release */ = {
			isa = XCBuildConfiguration;
			buildSettings = {
				ALWAYS_EMBED_SWIFT_STANDARD_LIBRARIES = YES;
				CODE_SIGN_STYLE = Automatic;
				CURRENT_PROJECT_VERSION = 1;
				DEVELOPMENT_TEAM = K2GZT8VA4V;
				GENERATE_INFOPLIST_FILE = YES;
				MARKETING_VERSION = 1.0;
				PRODUCT_BUNDLE_IDENTIFIER = dev.ardijorganxhi.SwiftNetworkLayerUITests;
				PRODUCT_NAME = "$(TARGET_NAME)";
				SWIFT_EMIT_LOC_STRINGS = NO;
				SWIFT_VERSION = 5.0;
				TARGETED_DEVICE_FAMILY = "1,2";
				TEST_TARGET_NAME = SwiftNetworkLayer;
			};
			name = Release;
		};
/* End XCBuildConfiguration section */

/* Begin XCConfigurationList section */
		2C125B5F2C6BE3D3000FF3A0 /* Build configuration list for PBXProject "SwiftNetworkLayer" */ = {
			isa = XCConfigurationList;
			buildConfigurations = (
				2C125B862C6BE3D4000FF3A0 /* Debug */,
				2C125B872C6BE3D4000FF3A0 /* Release */,
			);
			defaultConfigurationIsVisible = 0;
			defaultConfigurationName = Release;
		};
		2C125B882C6BE3D4000FF3A0 /* Build configuration list for PBXNativeTarget "SwiftNetworkLayer" */ = {
			isa = XCConfigurationList;
			buildConfigurations = (
				2C125B892C6BE3D4000FF3A0 /* Debug */,
				2C125B8A2C6BE3D4000FF3A0 /* Release */,
			);
			defaultConfigurationIsVisible = 0;
			defaultConfigurationName = Release;
		};
		2C125B8B2C6BE3D4000FF3A0 /* Build configuration list for PBXNativeTarget "SwiftNetworkLayerTests" */ = {
			isa = XCConfigurationList;
			buildConfigurations = (
				2C125B8C2C6BE3D4000FF3A0 /* Debug */,
				2C125B8D2C6BE3D4000FF3A0 /* Release */,
			);
			defaultConfigurationIsVisible = 0;
			defaultConfigurationName = Release;
		};
		2C125B8E2C6BE3D4000FF3A0 /* Build configuration list for PBXNativeTarget "SwiftNetworkLayerUITests" */ = {
			isa = XCConfigurationList;
			buildConfigurations = (
				2C125B8F2C6BE3D4000FF3A0 /* Debug */,
				2C125B902C6BE3D4000FF3A0 /* Release */,
			);
			defaultConfigurationIsVisible = 0;
			defaultConfigurationName = Release;
		};
/* End XCConfigurationList section */
	};
	rootObject = 2C125B5C2C6BE3D3000FF3A0 /* Project object */;
}
